// !$*UTF8*$!
{
	archiveVersion = 1;
	classes = {
	};
	objectVersion = 46;
	objects = {

/* Begin PBXBuildFile section */
		433074111DAB0EEF009C58E6 /* MyMapsKit.framework in Frameworks */ = {isa = PBXBuildFile; fileRef = 433074071DAB0EEF009C58E6 /* MyMapsKit.framework */; };
		433074161DAB0EEF009C58E6 /* MyMapsKitTests.swift in Sources */ = {isa = PBXBuildFile; fileRef = 433074151DAB0EEF009C58E6 /* MyMapsKitTests.swift */; };
		433074181DAB0EEF009C58E6 /* MyMapsKit.h in Headers */ = {isa = PBXBuildFile; fileRef = 4330740A1DAB0EEF009C58E6 /* MyMapsKit.h */; settings = {ATTRIBUTES = (Public, ); }; };
		4330742D1DAB0F7C009C58E6 /* MyMaps.storyboard in Resources */ = {isa = PBXBuildFile; fileRef = 4330742C1DAB0F7C009C58E6 /* MyMaps.storyboard */; };
		4330742F1DAB0FA1009C58E6 /* MyMapViewController.swift in Sources */ = {isa = PBXBuildFile; fileRef = 4330742E1DAB0FA1009C58E6 /* MyMapViewController.swift */; };
		433074321DAB1032009C58E6 /* MyMapsModels.swift in Sources */ = {isa = PBXBuildFile; fileRef = 433074311DAB1032009C58E6 /* MyMapsModels.swift */; };
		4330743D1DAB1951009C58E6 /* BanksUtils.swift in Sources */ = {isa = PBXBuildFile; fileRef = 4330743C1DAB1951009C58E6 /* BanksUtils.swift */; };
		4330744A1DAC02FB009C58E6 /* LocationDetailsViewController.swift in Sources */ = {isa = PBXBuildFile; fileRef = 433074481DAC02FB009C58E6 /* LocationDetailsViewController.swift */; };
		4330744B1DAC02FB009C58E6 /* LocationDetailsViewController.xib in Resources */ = {isa = PBXBuildFile; fileRef = 433074491DAC02FB009C58E6 /* LocationDetailsViewController.xib */; };
/* End PBXBuildFile section */

/* Begin PBXContainerItemProxy section */
		433074121DAB0EEF009C58E6 /* PBXContainerItemProxy */ = {
			isa = PBXContainerItemProxy;
			containerPortal = 433073FE1DAB0EEF009C58E6 /* Project object */;
			proxyType = 1;
			remoteGlobalIDString = 433074061DAB0EEF009C58E6;
			remoteInfo = MyMapsKit;
		};
/* End PBXContainerItemProxy section */

/* Begin PBXFileReference section */
		433074071DAB0EEF009C58E6 /* MyMapsKit.framework */ = {isa = PBXFileReference; explicitFileType = wrapper.framework; includeInIndex = 0; path = MyMapsKit.framework; sourceTree = BUILT_PRODUCTS_DIR; };
		4330740A1DAB0EEF009C58E6 /* MyMapsKit.h */ = {isa = PBXFileReference; lastKnownFileType = sourcecode.c.h; path = MyMapsKit.h; sourceTree = "<group>"; };
		4330740B1DAB0EEF009C58E6 /* Info.plist */ = {isa = PBXFileReference; lastKnownFileType = text.plist.xml; path = Info.plist; sourceTree = "<group>"; };
		433074101DAB0EEF009C58E6 /* MyMapsKitTests.xctest */ = {isa = PBXFileReference; explicitFileType = wrapper.cfbundle; includeInIndex = 0; path = MyMapsKitTests.xctest; sourceTree = BUILT_PRODUCTS_DIR; };
		433074151DAB0EEF009C58E6 /* MyMapsKitTests.swift */ = {isa = PBXFileReference; lastKnownFileType = sourcecode.swift; path = MyMapsKitTests.swift; sourceTree = "<group>"; };
		433074171DAB0EEF009C58E6 /* Info.plist */ = {isa = PBXFileReference; lastKnownFileType = text.plist.xml; path = Info.plist; sourceTree = "<group>"; };
		4330742C1DAB0F7C009C58E6 /* MyMaps.storyboard */ = {isa = PBXFileReference; fileEncoding = 4; lastKnownFileType = file.storyboard; path = MyMaps.storyboard; sourceTree = "<group>"; };
		4330742E1DAB0FA1009C58E6 /* MyMapViewController.swift */ = {isa = PBXFileReference; fileEncoding = 4; lastKnownFileType = sourcecode.swift; path = MyMapViewController.swift; sourceTree = "<group>"; };
		433074311DAB1032009C58E6 /* MyMapsModels.swift */ = {isa = PBXFileReference; fileEncoding = 4; lastKnownFileType = sourcecode.swift; path = MyMapsModels.swift; sourceTree = "<group>"; };
		4330743C1DAB1951009C58E6 /* BanksUtils.swift */ = {isa = PBXFileReference; fileEncoding = 4; lastKnownFileType = sourcecode.swift; path = BanksUtils.swift; sourceTree = "<group>"; };
		433074481DAC02FB009C58E6 /* LocationDetailsViewController.swift */ = {isa = PBXFileReference; fileEncoding = 4; lastKnownFileType = sourcecode.swift; path = LocationDetailsViewController.swift; sourceTree = "<group>"; };
		433074491DAC02FB009C58E6 /* LocationDetailsViewController.xib */ = {isa = PBXFileReference; fileEncoding = 4; lastKnownFileType = file.xib; path = LocationDetailsViewController.xib; sourceTree = "<group>"; };
/* End PBXFileReference section */

/* Begin PBXFrameworksBuildPhase section */
		433074031DAB0EEF009C58E6 /* Frameworks */ = {
			isa = PBXFrameworksBuildPhase;
			buildActionMask = 2147483647;
			files = (
			);
			runOnlyForDeploymentPostprocessing = 0;
		};
		4330740D1DAB0EEF009C58E6 /* Frameworks */ = {
			isa = PBXFrameworksBuildPhase;
			buildActionMask = 2147483647;
			files = (
				433074111DAB0EEF009C58E6 /* MyMapsKit.framework in Frameworks */,
			);
			runOnlyForDeploymentPostprocessing = 0;
		};
/* End PBXFrameworksBuildPhase section */

/* Begin PBXGroup section */
		433073FD1DAB0EEF009C58E6 = {
			isa = PBXGroup;
			children = (
				433074091DAB0EEF009C58E6 /* MyMapsKit */,
				433074141DAB0EEF009C58E6 /* MyMapsKitTests */,
				433074081DAB0EEF009C58E6 /* Products */,
			);
			sourceTree = "<group>";
		};
		433074081DAB0EEF009C58E6 /* Products */ = {
			isa = PBXGroup;
			children = (
				433074071DAB0EEF009C58E6 /* MyMapsKit.framework */,
				433074101DAB0EEF009C58E6 /* MyMapsKitTests.xctest */,
			);
			name = Products;
			sourceTree = "<group>";
		};
		433074091DAB0EEF009C58E6 /* MyMapsKit */ = {
			isa = PBXGroup;
			children = (
				433074301DAB1024009C58E6 /* Models */,
				4330742B1DAB0F44009C58E6 /* Controllers */,
				4330742A1DAB0F3F009C58E6 /* Views */,
				4330740A1DAB0EEF009C58E6 /* MyMapsKit.h */,
				4330740B1DAB0EEF009C58E6 /* Info.plist */,
				4330742C1DAB0F7C009C58E6 /* MyMaps.storyboard */,
				4330743C1DAB1951009C58E6 /* BanksUtils.swift */,
			);
			path = MyMapsKit;
			sourceTree = "<group>";
		};
		433074141DAB0EEF009C58E6 /* MyMapsKitTests */ = {
			isa = PBXGroup;
			children = (
				433074151DAB0EEF009C58E6 /* MyMapsKitTests.swift */,
				433074171DAB0EEF009C58E6 /* Info.plist */,
			);
			path = MyMapsKitTests;
			sourceTree = "<group>";
		};
		4330742A1DAB0F3F009C58E6 /* Views */ = {
			isa = PBXGroup;
			children = (
				4330742E1DAB0FA1009C58E6 /* MyMapViewController.swift */,
			);
			name = Views;
			sourceTree = "<group>";
		};
		4330742B1DAB0F44009C58E6 /* Controllers */ = {
			isa = PBXGroup;
			children = (
				433074481DAC02FB009C58E6 /* LocationDetailsViewController.swift */,
				433074491DAC02FB009C58E6 /* LocationDetailsViewController.xib */,
			);
			name = Controllers;
			sourceTree = "<group>";
		};
		433074301DAB1024009C58E6 /* Models */ = {
			isa = PBXGroup;
			children = (
				433074311DAB1032009C58E6 /* MyMapsModels.swift */,
			);
			name = Models;
			sourceTree = "<group>";
		};
/* End PBXGroup section */

/* Begin PBXHeadersBuildPhase section */
		433074041DAB0EEF009C58E6 /* Headers */ = {
			isa = PBXHeadersBuildPhase;
			buildActionMask = 2147483647;
			files = (
				433074181DAB0EEF009C58E6 /* MyMapsKit.h in Headers */,
			);
			runOnlyForDeploymentPostprocessing = 0;
		};
/* End PBXHeadersBuildPhase section */

/* Begin PBXNativeTarget section */
		433074061DAB0EEF009C58E6 /* MyMapsKit */ = {
			isa = PBXNativeTarget;
			buildConfigurationList = 4330741B1DAB0EEF009C58E6 /* Build configuration list for PBXNativeTarget "MyMapsKit" */;
			buildPhases = (
				433074021DAB0EEF009C58E6 /* Sources */,
				433074031DAB0EEF009C58E6 /* Frameworks */,
				433074041DAB0EEF009C58E6 /* Headers */,
				433074051DAB0EEF009C58E6 /* Resources */,
			);
			buildRules = (
			);
			dependencies = (
			);
			name = MyMapsKit;
			productName = MyMapsKit;
			productReference = 433074071DAB0EEF009C58E6 /* MyMapsKit.framework */;
			productType = "com.apple.product-type.framework";
		};
		4330740F1DAB0EEF009C58E6 /* MyMapsKitTests */ = {
			isa = PBXNativeTarget;
			buildConfigurationList = 4330741E1DAB0EEF009C58E6 /* Build configuration list for PBXNativeTarget "MyMapsKitTests" */;
			buildPhases = (
				4330740C1DAB0EEF009C58E6 /* Sources */,
				4330740D1DAB0EEF009C58E6 /* Frameworks */,
				4330740E1DAB0EEF009C58E6 /* Resources */,
			);
			buildRules = (
			);
			dependencies = (
				433074131DAB0EEF009C58E6 /* PBXTargetDependency */,
			);
			name = MyMapsKitTests;
			productName = MyMapsKitTests;
			productReference = 433074101DAB0EEF009C58E6 /* MyMapsKitTests.xctest */;
			productType = "com.apple.product-type.bundle.unit-test";
		};
/* End PBXNativeTarget section */

/* Begin PBXProject section */
		433073FE1DAB0EEF009C58E6 /* Project object */ = {
			isa = PBXProject;
			attributes = {
				LastSwiftUpdateCheck = 0800;
				LastUpgradeCheck = 0800;
				ORGANIZATIONNAME = "Girish Adiga ";
				TargetAttributes = {
					433074061DAB0EEF009C58E6 = {
						CreatedOnToolsVersion = 8.0;
						LastSwiftMigration = 0800;
						ProvisioningStyle = Automatic;
					};
					4330740F1DAB0EEF009C58E6 = {
						CreatedOnToolsVersion = 8.0;
						ProvisioningStyle = Automatic;
					};
				};
			};
			buildConfigurationList = 433074011DAB0EEF009C58E6 /* Build configuration list for PBXProject "MyMapsKit" */;
			compatibilityVersion = "Xcode 3.2";
			developmentRegion = English;
			hasScannedForEncodings = 0;
			knownRegions = (
				en,
			);
			mainGroup = 433073FD1DAB0EEF009C58E6;
			productRefGroup = 433074081DAB0EEF009C58E6 /* Products */;
			projectDirPath = "";
			projectRoot = "";
			targets = (
				433074061DAB0EEF009C58E6 /* MyMapsKit */,
				4330740F1DAB0EEF009C58E6 /* MyMapsKitTests */,
			);
		};
/* End PBXProject section */

/* Begin PBXResourcesBuildPhase section */
		433074051DAB0EEF009C58E6 /* Resources */ = {
			isa = PBXResourcesBuildPhase;
			buildActionMask = 2147483647;
			files = (
				4330744B1DAC02FB009C58E6 /* LocationDetailsViewController.xib in Resources */,
				4330742D1DAB0F7C009C58E6 /* MyMaps.storyboard in Resources */,
			);
			runOnlyForDeploymentPostprocessing = 0;
		};
		4330740E1DAB0EEF009C58E6 /* Resources */ = {
			isa = PBXResourcesBuildPhase;
			buildActionMask = 2147483647;
			files = (
			);
			runOnlyForDeploymentPostprocessing = 0;
		};
/* End PBXResourcesBuildPhase section */

/* Begin PBXSourcesBuildPhase section */
		433074021DAB0EEF009C58E6 /* Sources */ = {
			isa = PBXSourcesBuildPhase;
			buildActionMask = 2147483647;
			files = (
				4330744A1DAC02FB009C58E6 /* LocationDetailsViewController.swift in Sources */,
				433074321DAB1032009C58E6 /* MyMapsModels.swift in Sources */,
				4330742F1DAB0FA1009C58E6 /* MyMapViewController.swift in Sources */,
				4330743D1DAB1951009C58E6 /* BanksUtils.swift in Sources */,
			);
			runOnlyForDeploymentPostprocessing = 0;
		};
		4330740C1DAB0EEF009C58E6 /* Sources */ = {
			isa = PBXSourcesBuildPhase;
			buildActionMask = 2147483647;
			files = (
				433074161DAB0EEF009C58E6 /* MyMapsKitTests.swift in Sources */,
			);
			runOnlyForDeploymentPostprocessing = 0;
		};
/* End PBXSourcesBuildPhase section */

/* Begin PBXTargetDependency section */
		433074131DAB0EEF009C58E6 /* PBXTargetDependency */ = {
			isa = PBXTargetDependency;
			target = 433074061DAB0EEF009C58E6 /* MyMapsKit */;
			targetProxy = 433074121DAB0EEF009C58E6 /* PBXContainerItemProxy */;
		};
/* End PBXTargetDependency section */

/* Begin XCBuildConfiguration section */
		433074191DAB0EEF009C58E6 /* Debug */ = {
			isa = XCBuildConfiguration;
			buildSettings = {
				ALWAYS_SEARCH_USER_PATHS = NO;
				CLANG_ANALYZER_NONNULL = YES;
				CLANG_CXX_LANGUAGE_STANDARD = "gnu++0x";
				CLANG_CXX_LIBRARY = "libc++";
				CLANG_ENABLE_MODULES = YES;
				CLANG_ENABLE_OBJC_ARC = YES;
				CLANG_WARN_BOOL_CONVERSION = YES;
				CLANG_WARN_CONSTANT_CONVERSION = YES;
				CLANG_WARN_DIRECT_OBJC_ISA_USAGE = YES_ERROR;
				CLANG_WARN_DOCUMENTATION_COMMENTS = YES;
				CLANG_WARN_EMPTY_BODY = YES;
				CLANG_WARN_ENUM_CONVERSION = YES;
				CLANG_WARN_INFINITE_RECURSION = YES;
				CLANG_WARN_INT_CONVERSION = YES;
				CLANG_WARN_OBJC_ROOT_CLASS = YES_ERROR;
				CLANG_WARN_SUSPICIOUS_MOVES = YES;
				CLANG_WARN_UNREACHABLE_CODE = YES;
				CLANG_WARN__DUPLICATE_METHOD_MATCH = YES;
				"CODE_SIGN_IDENTITY[sdk=iphoneos*]" = "iPhone Developer";
				COPY_PHASE_STRIP = NO;
				CURRENT_PROJECT_VERSION = 1;
				DEBUG_INFORMATION_FORMAT = dwarf;
				ENABLE_STRICT_OBJC_MSGSEND = YES;
				ENABLE_TESTABILITY = YES;
				GCC_C_LANGUAGE_STANDARD = gnu99;
				GCC_DYNAMIC_NO_PIC = NO;
				GCC_NO_COMMON_BLOCKS = YES;
				GCC_OPTIMIZATION_LEVEL = 0;
				GCC_PREPROCESSOR_DEFINITIONS = (
					"DEBUG=1",
					"$(inherited)",
				);
				GCC_WARN_64_TO_32_BIT_CONVERSION = YES;
				GCC_WARN_ABOUT_RETURN_TYPE = YES_ERROR;
				GCC_WARN_UNDECLARED_SELECTOR = YES;
				GCC_WARN_UNINITIALIZED_AUTOS = YES_AGGRESSIVE;
				GCC_WARN_UNUSED_FUNCTION = YES;
				GCC_WARN_UNUSED_VARIABLE = YES;
				IPHONEOS_DEPLOYMENT_TARGET = 10.0;
				MTL_ENABLE_DEBUG_INFO = YES;
				ONLY_ACTIVE_ARCH = YES;
				SDKROOT = iphoneos;
				SWIFT_ACTIVE_COMPILATION_CONDITIONS = DEBUG;
				SWIFT_OPTIMIZATION_LEVEL = "-Onone";
				TARGETED_DEVICE_FAMILY = "1,2";
				VERSIONING_SYSTEM = "apple-generic";
				VERSION_INFO_PREFIX = "";
			};
			name = Debug;
		};
		4330741A1DAB0EEF009C58E6 /* Release */ = {
			isa = XCBuildConfiguration;
			buildSettings = {
				ALWAYS_SEARCH_USER_PATHS = NO;
				CLANG_ANALYZER_NONNULL = YES;
				CLANG_CXX_LANGUAGE_STANDARD = "gnu++0x";
				CLANG_CXX_LIBRARY = "libc++";
				CLANG_ENABLE_MODULES = YES;
				CLANG_ENABLE_OBJC_ARC = YES;
				CLANG_WARN_BOOL_CONVERSION = YES;
				CLANG_WARN_CONSTANT_CONVERSION = YES;
				CLANG_WARN_DIRECT_OBJC_ISA_USAGE = YES_ERROR;
				CLANG_WARN_DOCUMENTATION_COMMENTS = YES;
				CLANG_WARN_EMPTY_BODY = YES;
				CLANG_WARN_ENUM_CONVERSION = YES;
				CLANG_WARN_INFINITE_RECURSION = YES;
				CLANG_WARN_INT_CONVERSION = YES;
				CLANG_WARN_OBJC_ROOT_CLASS = YES_ERROR;
				CLANG_WARN_SUSPICIOUS_MOVES = YES;
				CLANG_WARN_UNREACHABLE_CODE = YES;
				CLANG_WARN__DUPLICATE_METHOD_MATCH = YES;
				"CODE_SIGN_IDENTITY[sdk=iphoneos*]" = "iPhone Developer";
				COPY_PHASE_STRIP = NO;
				CURRENT_PROJECT_VERSION = 1;
				DEBUG_INFORMATION_FORMAT = "dwarf-with-dsym";
				ENABLE_NS_ASSERTIONS = NO;
				ENABLE_STRICT_OBJC_MSGSEND = YES;
				GCC_C_LANGUAGE_STANDARD = gnu99;
				GCC_NO_COMMON_BLOCKS = YES;
				GCC_WARN_64_TO_32_BIT_CONVERSION = YES;
				GCC_WARN_ABOUT_RETURN_TYPE = YES_ERROR;
				GCC_WARN_UNDECLARED_SELECTOR = YES;
				GCC_WARN_UNINITIALIZED_AUTOS = YES_AGGRESSIVE;
				GCC_WARN_UNUSED_FUNCTION = YES;
				GCC_WARN_UNUSED_VARIABLE = YES;
				IPHONEOS_DEPLOYMENT_TARGET = 10.0;
				MTL_ENABLE_DEBUG_INFO = NO;
				SDKROOT = iphoneos;
				SWIFT_OPTIMIZATION_LEVEL = "-Owholemodule";
				TARGETED_DEVICE_FAMILY = "1,2";
				VALIDATE_PRODUCT = YES;
				VERSIONING_SYSTEM = "apple-generic";
				VERSION_INFO_PREFIX = "";
			};
			name = Release;
		};
		4330741C1DAB0EEF009C58E6 /* Debug */ = {
			isa = XCBuildConfiguration;
			buildSettings = {
				CLANG_ENABLE_MODULES = YES;
				CODE_SIGN_IDENTITY = "";
				DEFINES_MODULE = YES;
				DYLIB_COMPATIBILITY_VERSION = 1;
				DYLIB_CURRENT_VERSION = 1;
				DYLIB_INSTALL_NAME_BASE = "@rpath";
				INFOPLIST_FILE = MyMapsKit/Info.plist;
				INSTALL_PATH = "$(LOCAL_LIBRARY_DIR)/Frameworks";
				LD_RUNPATH_SEARCH_PATHS = "$(inherited) @executable_path/Frameworks @loader_path/Frameworks";
				PRODUCT_BUNDLE_IDENTIFIER = com.photon.nw.MyMapsKit;
				PRODUCT_NAME = "$(TARGET_NAME)";
				SKIP_INSTALL = YES;
				SWIFT_OPTIMIZATION_LEVEL = "-Onone";
				SWIFT_VERSION = 3.0;
			};
			name = Debug;
		};
		4330741D1DAB0EEF009C58E6 /* Release */ = {
			isa = XCBuildConfiguration;
			buildSettings = {
				CLANG_ENABLE_MODULES = YES;
				CODE_SIGN_IDENTITY = "";
				DEFINES_MODULE = YES;
				DYLIB_COMPATIBILITY_VERSION = 1;
				DYLIB_CURRENT_VERSION = 1;
				DYLIB_INSTALL_NAME_BASE = "@rpath";
				INFOPLIST_FILE = MyMapsKit/Info.plist;
				INSTALL_PATH = "$(LOCAL_LIBRARY_DIR)/Frameworks";
				LD_RUNPATH_SEARCH_PATHS = "$(inherited) @executable_path/Frameworks @loader_path/Frameworks";
				PRODUCT_BUNDLE_IDENTIFIER = com.photon.nw.MyMapsKit;
				PRODUCT_NAME = "$(TARGET_NAME)";
				SKIP_INSTALL = YES;
				SWIFT_VERSION = 3.0;
			};
			name = Release;
		};
		4330741F1DAB0EEF009C58E6 /* Debug */ = {
			isa = XCBuildConfiguration;
			buildSettings = {
				ALWAYS_EMBED_SWIFT_STANDARD_LIBRARIES = YES;
				INFOPLIST_FILE = MyMapsKitTests/Info.plist;
				LD_RUNPATH_SEARCH_PATHS = "$(inherited) @executable_path/Frameworks @loader_path/Frameworks";
				PRODUCT_BUNDLE_IDENTIFIER = com.photon.nw.MyMapsKitTests;
				PRODUCT_NAME = "$(TARGET_NAME)";
				SWIFT_VERSION = 3.0;
			};
			name = Debug;
		};
		433074201DAB0EEF009C58E6 /* Release */ = {
			isa = XCBuildConfiguration;
			buildSettings = {
				ALWAYS_EMBED_SWIFT_STANDARD_LIBRARIES = YES;
				INFOPLIST_FILE = MyMapsKitTests/Info.plist;
				LD_RUNPATH_SEARCH_PATHS = "$(inherited) @executable_path/Frameworks @loader_path/Frameworks";
				PRODUCT_BUNDLE_IDENTIFIER = com.photon.nw.MyMapsKitTests;
				PRODUCT_NAME = "$(TARGET_NAME)";
				SWIFT_VERSION = 3.0;
			};
			name = Release;
		};
/* End XCBuildConfiguration section */

/* Begin XCConfigurationList section */
		433074011DAB0EEF009C58E6 /* Build configuration list for PBXProject "MyMapsKit" */ = {
			isa = XCConfigurationList;
			buildConfigurations = (
				433074191DAB0EEF009C58E6 /* Debug */,
				4330741A1DAB0EEF009C58E6 /* Release */,
			);
			defaultConfigurationIsVisible = 0;
			defaultConfigurationName = Release;
		};
		4330741B1DAB0EEF009C58E6 /* Build configuration list for PBXNativeTarget "MyMapsKit" */ = {
			isa = XCConfigurationList;
			buildConfigurations = (
				4330741C1DAB0EEF009C58E6 /* Debug */,
				4330741D1DAB0EEF009C58E6 /* Release */,
			);
			defaultConfigurationIsVisible = 0;
			defaultConfigurationName = Release;
		};
		4330741E1DAB0EEF009C58E6 /* Build configuration list for PBXNativeTarget "MyMapsKitTests" */ = {
			isa = XCConfigurationList;
			buildConfigurations = (
				4330741F1DAB0EEF009C58E6 /* Debug */,
				433074201DAB0EEF009C58E6 /* Release */,
			);
			defaultConfigurationIsVisible = 0;
			defaultConfigurationName = Release;
		};
/* End XCConfigurationList section */
	};
	rootObject = 433073FE1DAB0EEF009C58E6 /* Project object */;
}
